
Microsoft Visual Studio Solution File, Format Version 12.00
# Visual Studio Version 17
VisualStudioVersion = 17.10.35122.118
MinimumVisualStudioVersion = 10.0.40219.1
Project("{FAE04EC0-301F-11D3-BF4B-00C04F79EFBC}") = "TheMemento", "TheMemento\TheMemento.csproj", "{A1FC4062-069D-4EA8-B583-49FC4FDC576F}"
EndProject
Project("{FAE04EC0-301F-11D3-BF4B-00C04F79EFBC}") = "MementoUnitTest", "MementoUnitTest\MementoUnitTest.csproj", "{C16CAA98-D679-40AE-8897-07E0266CDE38}"
EndProject
Global
	GlobalSection(SolutionConfigurationPlatforms) = preSolution
		Debug|Any CPU = Debug|Any CPU
		Release|Any CPU = Release|Any CPU
	EndGlobalSection
	GlobalSection(ProjectConfigurationPlatforms) = postSolution
		{A1FC4062-069D-4EA8-B583-49FC4FDC576F}.Debug|Any CPU.ActiveCfg = Debug|Any CPU
		{A1FC4062-069D-4EA8-B583-49FC4FDC576F}.Debug|Any CPU.Build.0 = Debug|Any CPU
		{A1FC4062-069D-4EA8-B583-49FC4FDC576F}.Release|Any CPU.ActiveCfg = Release|Any CPU
		{A1FC4062-069D-4EA8-B583-49FC4FDC576F}.Release|Any CPU.Build.0 = Release|Any CPU
		{C16CAA98-D679-40AE-8897-07E0266CDE38}.Debug|Any CPU.ActiveCfg = Debug|Any CPU
		{C16CAA98-D679-40AE-8897-07E0266CDE38}.Debug|Any CPU.Build.0 = Debug|Any CPU
		{C16CAA98-D679-40AE-8897-07E0266CDE38}.Release|Any CPU.ActiveCfg = Release|Any CPU
		{C16CAA98-D679-40AE-8897-07E0266CDE38}.Release|Any CPU.Build.0 = Release|Any CPU
	EndGlobalSection
	GlobalSection(SolutionProperties) = preSolution
		HideSolutionNode = FALSE
	EndGlobalSection
	GlobalSection(ExtensibilityGlobals) = postSolution
		SolutionGuid = {A2F14B13-03AC-467E-9FA2-E33958A64DD6}
	EndGlobalSection
EndGlobal
